// !$*UTF8*$!
{
	archiveVersion = 1;
	classes = {
	};
	objectVersion = 77;
	objects = {

/* Begin PBXContainerItemProxy section */
		CBCFAE322FF6B3D000B7CD79 /* PBXContainerItemProxy */ = {
			isa = PBXContainerItemProxy;
			containerPortal = CBCFAE1C2FF6B3D000B7CD79 /* Project object */;
			proxyType = 1;
			remoteGlobalIDString = CBCFAE232FF6B3D000B7CD79;
			remoteInfo = Decanter;
		};
		CBCFAE3C2FF6B3D000B7CD79 /* PBXContainerItemProxy */ = {
			isa = PBXContainerItemProxy;
			containerPortal = CBCFAE1C2FF6B3D000B7CD79 /* Project object */;
			proxyType = 1;
			remoteGlobalIDString = CBCFAE232FF6B3D000B7CD79;
			remoteInfo = Decanter;
		};
/* End PBXContainerItemProxy section */

/* Begin PBXFileReference section */
		CBCFAE242FF6B3D000B7CD79 /* Decanter.app */ = {isa = PBXFileReference; explicitFileType = wrapper.application; includeInIndex = 0; path = Decanter.app; sourceTree = BUILT_PRODUCTS_DIR; };
		CBCFAE312FF6B3D000B7CD79 /* DecanterTests.xctest */ = {isa = PBXFileReference; explicitFileType = wrapper.cfbundle; includeInIndex = 0; path = DecanterTests.xctest; sourceTree = BUILT_PRODUCTS_DIR; };
		CBCFAE3B2FF6B3D000B7CD79 /* DecanterUITests.xctest */ = {isa = PBXFileReference; explicitFileType = wrapper.cfbundle; includeInIndex = 0; path = DecanterUITests.xctest; sourceTree = BUILT_PRODUCTS_DIR; };
/* End PBXFileReference section */

/* Begin PBXFileSystemSynchronizedRootGroup section */
		CBCFAE262FF6B3D000B7CD79 /* Decanter */ = {
			isa = PBXFileSystemSynchronizedRootGroup;
			path = Decanter;
			sourceTree = "<group>";
		};
		CBCFAE342FF6B3D000B7CD79 /* DecanterTests */ = {
			isa = PBXFileSystemSynchronizedRootGroup;
			path = DecanterTests;
			sourceTree = "<group>";
		};
		CBCFAE3E2FF6B3D000B7CD79 /* DecanterUITests */ = {
			isa = PBXFileSystemSynchronizedRootGroup;
			path = DecanterUITests;
			sourceTree = "<group>";
		};
/* End PBXFileSystemSynchronizedRootGroup section */

/* Begin PBXFrameworksBuildPhase section */
		CBCFAE212FF6B3D000B7CD79 /* Frameworks */ = {
			isa = PBXFrameworksBuildPhase;
			buildActionMask = 2147483647;
			files = (
			);
			runOnlyForDeploymentPostprocessing = 0;
		};
		CBCFAE2E2FF6B3D000B7CD79 /* Frameworks */ = {
			isa = PBXFrameworksBuildPhase;
			buildActionMask = 2147483647;
			files = (
			);
			runOnlyForDeploymentPostprocessing = 0;
		};
		CBCFAE382FF6B3D000B7CD79 /* Frameworks */ = {
			isa = PBXFrameworksBuildPhase;
			buildActionMask = 2147483647;
			files = (
			);
			runOnlyForDeploymentPostprocessing = 0;
		};
/* End PBXFrameworksBuildPhase section */

/* Begin PBXGroup section */
		CBCFAE1B2FF6B3D000B7CD79 = {
			isa = PBXGroup;
			children = (
				CBCFAE262FF6B3D000B7CD79 /* Decanter */,
				CBCFAE342FF6B3D000B7CD79 /* DecanterTests */,
				CBCFAE3E2FF6B3D000B7CD79 /* DecanterUITests */,
				CBCFAE252FF6B3D000B7CD79 /* Products */,
			);
			sourceTree = "<group>";
		};
		CBCFAE252FF6B3D000B7CD79 /* Products */ = {
			isa = PBXGroup;
			children = (
				CBCFAE242FF6B3D000B7CD79 /* Decanter.app */,
				CBCFAE312FF6B3D000B7CD79 /* DecanterTests.xctest */,
				CBCFAE3B2FF6B3D000B7CD79 /* DecanterUITests.xctest */,
			);
			name = Products;
			sourceTree = "<group>";
		};
/* End PBXGroup section */

/* Begin PBXNativeTarget section */
		CBCFAE232FF6B3D000B7CD79 /* Decanter */ = {
			isa = PBXNativeTarget;
			buildConfigurationList = CBCFAE452FF6B3D100B7CD79 /* Build configuration list for PBXNativeTarget "Decanter" */;
			buildPhases = (
				CBCFAE202FF6B3D000B7CD79 /* Sources */,
				CBCFAE212FF6B3D000B7CD79 /* Frameworks */,
				CBCFAE222FF6B3D000B7CD79 /* Resources */,
			);
			buildRules = (
			);
			dependencies = (
			);
			fileSystemSynchronizedGroups = (
				CBCFAE262FF6B3D000B7CD79 /* Decanter */,
			);
			name = Decanter;
			packageProductDependencies = (
			);
			productName = Decanter;
			productReference = CBCFAE242FF6B3D000B7CD79 /* Decanter.app */;
			productType = "com.apple.product-type.application";
		};
		CBCFAE302FF6B3D000B7CD79 /* DecanterTests */ = {
			isa = PBXNativeTarget;
			buildConfigurationList = CBCFAE482FF6B3D100B7CD79 /* Build configuration list for PBXNativeTarget "DecanterTests" */;
			buildPhases = (
				CBCFAE2D2FF6B3D000B7CD79 /* Sources */,
				CBCFAE2E2FF6B3D000B7CD79 /* Frameworks */,
				CBCFAE2F2FF6B3D000B7CD79 /* Resources */,
			);
			buildRules = (
			);
			dependencies = (
				CBCFAE332FF6B3D000B7CD79 /* PBXTargetDependency */,
			);
			fileSystemSynchronizedGroups = (
				CBCFAE342FF6B3D000B7CD79 /* DecanterTests */,
			);
			name = DecanterTests;
			packageProductDependencies = (
			);
			productName = DecanterTests;
			productReference = CBCFAE312FF6B3D000B7CD79 /* DecanterTests.xctest */;
			productType = "com.apple.product-type.bundle.unit-test";
		};
		CBCFAE3A2FF6B3D000B7CD79 /* DecanterUITests */ = {
			isa = PBXNativeTarget;
			buildConfigurationList = CBCFAE4B2FF6B3D100B7CD79 /* Build configuration list for PBXNativeTarget "DecanterUITests" */;
			buildPhases = (
				CBCFAE372FF6B3D000B7CD79 /* Sources */,
				CBCFAE382FF6B3D000B7CD79 /* Frameworks */,
				CBCFAE392FF6B3D000B7CD79 /* Resources */,
			);
			buildRules = (
			);
			dependencies = (
				CBCFAE3D2FF6B3D000B7CD79 /* PBXTargetDependency */,
			);
			fileSystemSynchronizedGroups = (
				CBCFAE3E2FF6B3D000B7CD79 /* DecanterUITests */,
			);
			name = DecanterUITests;
			packageProductDependencies = (
			);
			productName = DecanterUITests;
			productReference = CBCFAE3B2FF6B3D000B7CD79 /* DecanterUITests.xctest */;
			productType = "com.apple.product-type.bundle.ui-testing";
		};
/* End PBXNativeTarget section */

/* Begin PBXProject section */
		CBCFAE1C2FF6B3D000B7CD79 /* Project object */ = {
			isa = PBXProject;
			attributes = {
				BuildIndependentTargetsInParallel = 1;
				LastSwiftUpdateCheck = 2660;
				LastUpgradeCheck = 2660;
				TargetAttributes = {
					CBCFAE232FF6B3D000B7CD79 = {
						CreatedOnToolsVersion = 26.6;
					};
					CBCFAE302FF6B3D000B7CD79 = {
						CreatedOnToolsVersion = 26.6;
						TestTargetID = CBCFAE232FF6B3D000B7CD79;
					};
					CBCFAE3A2FF6B3D000B7CD79 = {
						CreatedOnToolsVersion = 26.6;
						TestTargetID = CBCFAE232FF6B3D000B7CD79;
					};
				};
			};
			buildConfigurationList = CBCFAE1F2FF6B3D000B7CD79 /* Build configuration list for PBXProject "Decanter" */;
			developmentRegion = en;
			hasScannedForEncodings = 0;
			knownRegions = (
				en,
				Base,
			);
			mainGroup = CBCFAE1B2FF6B3D000B7CD79;
			minimizedProjectReferenceProxies = 1;
			preferredProjectObjectVersion = 77;
			productRefGroup = CBCFAE252FF6B3D000B7CD79 /* Products */;
			projectDirPath = "";
			projectRoot = "";
			targets = (
				CBCFAE232FF6B3D000B7CD79 /* Decanter */,
				CBCFAE302FF6B3D000B7CD79 /* DecanterTests */,
				CBCFAE3A2FF6B3D000B7CD79 /* DecanterUITests */,
			);
		};
/* End PBXProject section */

/* Begin PBXResourcesBuildPhase section */
		CBCFAE222FF6B3D000B7CD79 /* Resources */ = {
			isa = PBXResourcesBuildPhase;
			buildActionMask = 2147483647;
			files = (
			);
			runOnlyForDeploymentPostprocessing = 0;
		};
		CBCFAE2F2FF6B3D000B7CD79 /* Resources */ = {
			isa = PBXResourcesBuildPhase;
			buildActionMask = 2147483647;
			files = (
			);
			runOnlyForDeploymentPostprocessing = 0;
		};
		CBCFAE392FF6B3D000B7CD79 /* Resources */ = {
			isa = PBXResourcesBuildPhase;
			buildActionMask = 2147483647;
			files = (
			);
			runOnlyForDeploymentPostprocessing = 0;
		};
/* End PBXResourcesBuildPhase section */

/* Begin PBXSourcesBuildPhase section */
		CBCFAE202FF6B3D000B7CD79 /* Sources */ = {
			isa = PBXSourcesBuildPhase;
			buildActionMask = 2147483647;
			files = (
			);
			runOnlyForDeploymentPostprocessing = 0;
		};
		CBCFAE2D2FF6B3D000B7CD79 /* Sources */ = {
			isa = PBXSourcesBuildPhase;
			buildActionMask = 2147483647;
			files = (
			);
			runOnlyForDeploymentPostprocessing = 0;
		};
		CBCFAE372FF6B3D000B7CD79 /* Sources */ = {
			isa = PBXSourcesBuildPhase;
			buildActionMask = 2147483647;
			files = (
			);
			runOnlyForDeploymentPostprocessing = 0;
		};
/* End PBXSourcesBuildPhase section */

/* Begin PBXTargetDependency section */
		CBCFAE332FF6B3D000B7CD79 /* PBXTargetDependency */ = {
			isa = PBXTargetDependency;
			target = CBCFAE232FF6B3D000B7CD79 /* Decanter */;
			targetProxy = CBCFAE322FF6B3D000B7CD79 /* PBXContainerItemProxy */;
		};
		CBCFAE3D2FF6B3D000B7CD79 /* PBXTargetDependency */ = {
			isa = PBXTargetDependency;
			target = CBCFAE232FF6B3D000B7CD79 /* Decanter */;
			targetProxy = CBCFAE3C2FF6B3D000B7CD79 /* PBXContainerItemProxy */;
		};
/* End PBXTargetDependency section */

/* Begin XCBuildConfiguration section */
		CBCFAE432FF6B3D100B7CD79 /* Debug */ = {
			isa = XCBuildConfiguration;
			buildSettings = {
				ALWAYS_SEARCH_USER_PATHS = NO;
				ASSETCATALOG_COMPILER_GENERATE_SWIFT_ASSET_SYMBOL_EXTENSIONS = YES;
				CLANG_ANALYZER_NONNULL = YES;
				CLANG_ANALYZER_NUMBER_OBJECT_CONVERSION = YES_AGGRESSIVE;
				CLANG_CXX_LANGUAGE_STANDARD = "gnu++20";
				CLANG_ENABLE_MODULES = YES;
				CLANG_ENABLE_OBJC_ARC = YES;
				CLANG_ENABLE_OBJC_WEAK = YES;
				CLANG_WARN_BLOCK_CAPTURE_AUTORELEASING = YES;
				CLANG_WARN_BOOL_CONVERSION = YES;
				CLANG_WARN_COMMA = YES;
				CLANG_WARN_CONSTANT_CONVERSION = YES;
				CLANG_WARN_DEPRECATED_OBJC_IMPLEMENTATIONS = YES;
				CLANG_WARN_DIRECT_OBJC_ISA_USAGE = YES_ERROR;
				CLANG_WARN_DOCUMENTATION_COMMENTS = YES;
				CLANG_WARN_EMPTY_BODY = YES;
				CLANG_WARN_ENUM_CONVERSION = YES;
				CLANG_WARN_INFINITE_RECURSION = YES;
				CLANG_WARN_INT_CONVERSION = YES;
				CLANG_WARN_NON_LITERAL_NULL_CONVERSION = YES;
				CLANG_WARN_OBJC_IMPLICIT_RETAIN_SELF = YES;
				CLANG_WARN_OBJC_LITERAL_CONVERSION = YES;
				CLANG_WARN_OBJC_ROOT_CLASS = YES_ERROR;
				CLANG_WARN_QUOTED_INCLUDE_IN_FRAMEWORK_HEADER = YES;
				CLANG_WARN_RANGE_LOOP_ANALYSIS = YES;
				CLANG_WARN_STRICT_PROTOTYPES = YES;
				CLANG_WARN_SUSPICIOUS_MOVE = YES;
				CLANG_WARN_UNGUARDED_AVAILABILITY = YES_AGGRESSIVE;
				CLANG_WARN_UNREACHABLE_CODE = YES;
				CLANG_WARN__DUPLICATE_METHOD_MATCH = YES;
				COPY_PHASE_STRIP = NO;
				DEBUG_INFORMATION_FORMAT = dwarf;
				DEVELOPMENT_TEAM = 6DTT89W2FC;
				ENABLE_STRICT_OBJC_MSGSEND = YES;
				ENABLE_TESTABILITY = YES;
				ENABLE_USER_SCRIPT_SANDBOXING = YES;
				GCC_C_LANGUAGE_STANDARD = gnu17;
				GCC_DYNAMIC_NO_PIC = NO;
				GCC_NO_COMMON_BLOCKS = YES;
				GCC_OPTIMIZATION_LEVEL = 0;
				GCC_PREPROCESSOR_DEFINITIONS = (
					"DEBUG=1",
					"$(inherited)",
				);
				GCC_WARN_64_TO_32_BIT_CONVERSION = YES;
				GCC_WARN_ABOUT_RETURN_TYPE = YES_ERROR;
				GCC_WARN_UNDECLARED_SELECTOR = YES;
				GCC_WARN_UNINITIALIZED_AUTOS = YES_AGGRESSIVE;
				GCC_WARN_UNUSED_FUNCTION = YES;
				GCC_WARN_UNUSED_VARIABLE = YES;
				LOCALIZATION_PREFERS_STRING_CATALOGS = YES;
				MACOSX_DEPLOYMENT_TARGET = 26.5;
				MTL_ENABLE_DEBUG_INFO = INCLUDE_SOURCE;
				MTL_FAST_MATH = YES;
				ONLY_ACTIVE_ARCH = YES;
				SDKROOT = macosx;
				SWIFT_ACTIVE_COMPILATION_CONDITIONS = "DEBUG $(inherited)";
				SWIFT_OPTIMIZATION_LEVEL = "-Onone";
			};
			name = Debug;
		};
		CBCFAE442FF6B3D100B7CD79 /* Release */ = {
			isa = XCBuildConfiguration;
			buildSettings = {
				ALWAYS_SEARCH_USER_PATHS = NO;
				ASSETCATALOG_COMPILER_GENERATE_SWIFT_ASSET_SYMBOL_EXTENSIONS = YES;
				CLANG_ANALYZER_NONNULL = YES;
				CLANG_ANALYZER_NUMBER_OBJECT_CONVERSION = YES_AGGRESSIVE;
				CLANG_CXX_LANGUAGE_STANDARD = "gnu++20";
				CLANG_ENABLE_MODULES = YES;
				CLANG_ENABLE_OBJC_ARC = YES;
				CLANG_ENABLE_OBJC_WEAK = YES;
				CLANG_WARN_BLOCK_CAPTURE_AUTORELEASING = YES;
				CLANG_WARN_BOOL_CONVERSION = YES;
				CLANG_WARN_COMMA = YES;
				CLANG_WARN_CONSTANT_CONVERSION = YES;
				CLANG_WARN_DEPRECATED_OBJC_IMPLEMENTATIONS = YES;
				CLANG_WARN_DIRECT_OBJC_ISA_USAGE = YES_ERROR;
				CLANG_WARN_DOCUMENTATION_COMMENTS = YES;
				CLANG_WARN_EMPTY_BODY = YES;
				CLANG_WARN_ENUM_CONVERSION = YES;
				CLANG_WARN_INFINITE_RECURSION = YES;
				CLANG_WARN_INT_CONVERSION = YES;
				CLANG_WARN_NON_LITERAL_NULL_CONVERSION = YES;
				CLANG_WARN_OBJC_IMPLICIT_RETAIN_SELF = YES;
				CLANG_WARN_OBJC_LITERAL_CONVERSION = YES;
				CLANG_WARN_OBJC_ROOT_CLASS = YES_ERROR;
				CLANG_WARN_QUOTED_INCLUDE_IN_FRAMEWORK_HEADER = YES;
				CLANG_WARN_RANGE_LOOP_ANALYSIS = YES;
				CLANG_WARN_STRICT_PROTOTYPES = YES;
				CLANG_WARN_SUSPICIOUS_MOVE = YES;
				CLANG_WARN_UNGUARDED_AVAILABILITY = YES_AGGRESSIVE;
				CLANG_WARN_UNREACHABLE_CODE = YES;
				CLANG_WARN__DUPLICATE_METHOD_MATCH = YES;
				COPY_PHASE_STRIP = NO;
				DEBUG_INFORMATION_FORMAT = "dwarf-with-dsym";
				DEVELOPMENT_TEAM = 6DTT89W2FC;
				ENABLE_NS_ASSERTIONS = NO;
				ENABLE_STRICT_OBJC_MSGSEND = YES;
				ENABLE_USER_SCRIPT_SANDBOXING = YES;
				GCC_C_LANGUAGE_STANDARD = gnu17;
				GCC_NO_COMMON_BLOCKS = YES;
				GCC_WARN_64_TO_32_BIT_CONVERSION = YES;
				GCC_WARN_ABOUT_RETURN_TYPE = YES_ERROR;
				GCC_WARN_UNDECLARED_SELECTOR = YES;
				GCC_WARN_UNINITIALIZED_AUTOS = YES_AGGRESSIVE;
				GCC_WARN_UNUSED_FUNCTION = YES;
				GCC_WARN_UNUSED_VARIABLE = YES;
				LOCALIZATION_PREFERS_STRING_CATALOGS = YES;
				MACOSX_DEPLOYMENT_TARGET = 26.5;
				MTL_ENABLE_DEBUG_INFO = NO;
				MTL_FAST_MATH = YES;
				SDKROOT = macosx;
				SWIFT_COMPILATION_MODE = wholemodule;
			};
			name = Release;
		};
		CBCFAE462FF6B3D100B7CD79 /* Debug */ = {
			isa = XCBuildConfiguration;
			buildSettings = {
				ASSETCATALOG_COMPILER_APPICON_NAME = AppIcon;
				ASSETCATALOG_COMPILER_GLOBAL_ACCENT_COLOR_NAME = AccentColor;
				CODE_SIGN_STYLE = Automatic;
				COMBINE_HIDPI_IMAGES = YES;
				CURRENT_PROJECT_VERSION = 1;
				DEVELOPMENT_TEAM = 6DTT89W2FC;
				ENABLE_APP_SANDBOX = YES;
				ENABLE_HARDENED_RUNTIME = YES;
				ENABLE_PREVIEWS = YES;
				ENABLE_USER_SELECTED_FILES = readonly;
				GENERATE_INFOPLIST_FILE = YES;
				INFOPLIST_KEY_NSHumanReadableCopyright = "";
				LD_RUNPATH_SEARCH_PATHS = (
					"$(inherited)",
					"@executable_path/../Frameworks",
				);
				MARKETING_VERSION = 1.0;
				PRODUCT_BUNDLE_IDENTIFIER = wingit.Decanter;
				PRODUCT_NAME = "$(TARGET_NAME)";
				REGISTER_APP_GROUPS = YES;
				STRING_CATALOG_GENERATE_SYMBOLS = YES;
				SWIFT_APPROACHABLE_CONCURRENCY = YES;
				SWIFT_DEFAULT_ACTOR_ISOLATION = MainActor;
				SWIFT_EMIT_LOC_STRINGS = YES;
				SWIFT_UPCOMING_FEATURE_MEMBER_IMPORT_VISIBILITY = YES;
				SWIFT_VERSION = 5.0;
			};
			name = Debug;
		};
		CBCFAE472FF6B3D100B7CD79 /* Release */ = {
			isa = XCBuildConfiguration;
			buildSettings = {
				ASSETCATALOG_COMPILER_APPICON_NAME = AppIcon;
				ASSETCATALOG_COMPILER_GLOBAL_ACCENT_COLOR_NAME = AccentColor;
				CODE_SIGN_STYLE = Automatic;
				COMBINE_HIDPI_IMAGES = YES;
				CURRENT_PROJECT_VERSION = 1;
				DEVELOPMENT_TEAM = 6DTT89W2FC;
				ENABLE_APP_SANDBOX = YES;
				ENABLE_HARDENED_RUNTIME = YES;
				ENABLE_PREVIEWS = YES;
				ENABLE_USER_SELECTED_FILES = readonly;
				GENERATE_INFOPLIST_FILE = YES;
				INFOPLIST_KEY_NSHumanReadableCopyright = "";
				LD_RUNPATH_SEARCH_PATHS = (
					"$(inherited)",
					"@executable_path/../Frameworks",
				);
				MARKETING_VERSION = 1.0;
				PRODUCT_BUNDLE_IDENTIFIER = wingit.Decanter;
				PRODUCT_NAME = "$(TARGET_NAME)";
				REGISTER_APP_GROUPS = YES;
				STRING_CATALOG_GENERATE_SYMBOLS = YES;
				SWIFT_APPROACHABLE_CONCURRENCY = YES;
				SWIFT_DEFAULT_ACTOR_ISOLATION = MainActor;
				SWIFT_EMIT_LOC_STRINGS = YES;
				SWIFT_UPCOMING_FEATURE_MEMBER_IMPORT_VISIBILITY = YES;
				SWIFT_VERSION = 5.0;
			};
			name = Release;
		};
		CBCFAE492FF6B3D100B7CD79 /* Debug */ = {
			isa = XCBuildConfiguration;
			buildSettings = {
				BUNDLE_LOADER = "$(TEST_HOST)";
				CODE_SIGN_STYLE = Automatic;
				CURRENT_PROJECT_VERSION = 1;
				DEVELOPMENT_TEAM = 6DTT89W2FC;
				GENERATE_INFOPLIST_FILE = YES;
				MACOSX_DEPLOYMENT_TARGET = 26.5;
				MARKETING_VERSION = 1.0;
				PRODUCT_BUNDLE_IDENTIFIER = wingit.DecanterTests;
				PRODUCT_NAME = "$(TARGET_NAME)";
				STRING_CATALOG_GENERATE_SYMBOLS = NO;
				SWIFT_APPROACHABLE_CONCURRENCY = YES;
				SWIFT_EMIT_LOC_STRINGS = NO;
				SWIFT_UPCOMING_FEATURE_MEMBER_IMPORT_VISIBILITY = YES;
				SWIFT_VERSION = 5.0;
				TEST_HOST = "$(BUILT_PRODUCTS_DIR)/Decanter.app/$(BUNDLE_EXECUTABLE_FOLDER_PATH)/Decanter";
			};
			name = Debug;
		};
		CBCFAE4A2FF6B3D100B7CD79 /* Release */ = {
			isa = XCBuildConfiguration;
			buildSettings = {
				BUNDLE_LOADER = "$(TEST_HOST)";
				CODE_SIGN_STYLE = Automatic;
				CURRENT_PROJECT_VERSION = 1;
				DEVELOPMENT_TEAM = 6DTT89W2FC;
				GENERATE_INFOPLIST_FILE = YES;
				MACOSX_DEPLOYMENT_TARGET = 26.5;
				MARKETING_VERSION = 1.0;
				PRODUCT_BUNDLE_IDENTIFIER = wingit.DecanterTests;
				PRODUCT_NAME = "$(TARGET_NAME)";
				STRING_CATALOG_GENERATE_SYMBOLS = NO;
				SWIFT_APPROACHABLE_CONCURRENCY = YES;
				SWIFT_EMIT_LOC_STRINGS = NO;
				SWIFT_UPCOMING_FEATURE_MEMBER_IMPORT_VISIBILITY = YES;
				SWIFT_VERSION = 5.0;
				TEST_HOST = "$(BUILT_PRODUCTS_DIR)/Decanter.app/$(BUNDLE_EXECUTABLE_FOLDER_PATH)/Decanter";
			};
			name = Release;
		};
		CBCFAE4C2FF6B3D100B7CD79 /* Debug */ = {
			isa = XCBuildConfiguration;
			buildSettings = {
				CODE_SIGN_STYLE = Automatic;
				CURRENT_PROJECT_VERSION = 1;
				DEVELOPMENT_TEAM = 6DTT89W2FC;
				GENERATE_INFOPLIST_FILE = YES;
				MARKETING_VERSION = 1.0;
				PRODUCT_BUNDLE_IDENTIFIER = wingit.DecanterUITests;
				PRODUCT_NAME = "$(TARGET_NAME)";
				STRING_CATALOG_GENERATE_SYMBOLS = NO;
				SWIFT_APPROACHABLE_CONCURRENCY = YES;
				SWIFT_EMIT_LOC_STRINGS = NO;
				SWIFT_UPCOMING_FEATURE_MEMBER_IMPORT_VISIBILITY = YES;
				SWIFT_VERSION = 5.0;
				TEST_TARGET_NAME = Decanter;
			};
			name = Debug;
		};
		CBCFAE4D2FF6B3D100B7CD79 /* Release */ = {
			isa = XCBuildConfiguration;
			buildSettings = {
				CODE_SIGN_STYLE = Automatic;
				CURRENT_PROJECT_VERSION = 1;
				DEVELOPMENT_TEAM = 6DTT89W2FC;
				GENERATE_INFOPLIST_FILE = YES;
				MARKETING_VERSION = 1.0;
				PRODUCT_BUNDLE_IDENTIFIER = wingit.DecanterUITests;
				PRODUCT_NAME = "$(TARGET_NAME)";
				STRING_CATALOG_GENERATE_SYMBOLS = NO;
				SWIFT_APPROACHABLE_CONCURRENCY = YES;
				SWIFT_EMIT_LOC_STRINGS = NO;
				SWIFT_UPCOMING_FEATURE_MEMBER_IMPORT_VISIBILITY = YES;
				SWIFT_VERSION = 5.0;
				TEST_TARGET_NAME = Decanter;
			};
			name = Release;
		};
/* End XCBuildConfiguration section */

/* Begin XCConfigurationList section */
		CBCFAE1F2FF6B3D000B7CD79 /* Build configuration list for PBXProject "Decanter" */ = {
			isa = XCConfigurationList;
			buildConfigurations = (
				CBCFAE432FF6B3D100B7CD79 /* Debug */,
				CBCFAE442FF6B3D100B7CD79 /* Release */,
			);
			defaultConfigurationIsVisible = 0;
			defaultConfigurationName = Release;
		};
		CBCFAE452FF6B3D100B7CD79 /* Build configuration list for PBXNativeTarget "Decanter" */ = {
			isa = XCConfigurationList;
			buildConfigurations = (
				CBCFAE462FF6B3D100B7CD79 /* Debug */,
				CBCFAE472FF6B3D100B7CD79 /* Release */,
			);
			defaultConfigurationIsVisible = 0;
			defaultConfigurationName = Release;
		};
		CBCFAE482FF6B3D100B7CD79 /* Build configuration list for PBXNativeTarget "DecanterTests" */ = {
			isa = XCConfigurationList;
			buildConfigurations = (
				CBCFAE492FF6B3D100B7CD79 /* Debug */,
				CBCFAE4A2FF6B3D100B7CD79 /* Release */,
			);
			defaultConfigurationIsVisible = 0;
			defaultConfigurationName = Release;
		};
		CBCFAE4B2FF6B3D100B7CD79 /* Build configuration list for PBXNativeTarget "DecanterUITests" */ = {
			isa = XCConfigurationList;
			buildConfigurations = (
				CBCFAE4C2FF6B3D100B7CD79 /* Debug */,
				CBCFAE4D2FF6B3D100B7CD79 /* Release */,
			);
			defaultConfigurationIsVisible = 0;
			defaultConfigurationName = Release;
		};
/* End XCConfigurationList section */
	};
	rootObject = CBCFAE1C2FF6B3D000B7CD79 /* Project object */;
}
